
Microsoft Visual Studio Solution File, Format Version 12.00
# Visual Studio Version 16
VisualStudioVersion = 16.0.30225.117
MinimumVisualStudioVersion = 10.0.40219.1
Project("{FAE04EC0-301F-11D3-BF4B-00C04F79EFBC}") = "Lab02-UnitTests", "Lab02-UnitTests\Lab02-UnitTests.csproj", "{E4D1966F-2BB7-4604-A0FF-261DD3A3624D}"
EndProject
Project("{FAE04EC0-301F-11D3-BF4B-00C04F79EFBC}") = "Lab02-Tests", "Lab02-Tests\Lab02-Tests.csproj", "{11907935-E2C8-4BB5-AB97-5538031B1948}"
EndProject
Global
	GlobalSection(SolutionConfigurationPlatforms) = preSolution
		Debug|Any CPU = Debug|Any CPU
		Release|Any CPU = Release|Any CPU
	EndGlobalSection
	GlobalSection(ProjectConfigurationPlatforms) = postSolution
		{E4D1966F-2BB7-4604-A0FF-261DD3A3624D}.Debug|Any CPU.ActiveCfg = Debug|Any CPU
		{E4D1966F-2BB7-4604-A0FF-261DD3A3624D}.Debug|Any CPU.Build.0 = Debug|Any CPU
		{E4D1966F-2BB7-4604-A0FF-261DD3A3624D}.Release|Any CPU.ActiveCfg = Release|Any CPU
		{E4D1966F-2BB7-4604-A0FF-261DD3A3624D}.Release|Any CPU.Build.0 = Release|Any CPU
		{11907935-E2C8-4BB5-AB97-5538031B1948}.Debug|Any CPU.ActiveCfg = Debug|Any CPU
		{11907935-E2C8-4BB5-AB97-5538031B1948}.Debug|Any CPU.Build.0 = Debug|Any CPU
		{11907935-E2C8-4BB5-AB97-5538031B1948}.Release|Any CPU.ActiveCfg = Release|Any CPU
		{11907935-E2C8-4BB5-AB97-5538031B1948}.Release|Any CPU.Build.0 = Release|Any CPU
	EndGlobalSection
	GlobalSection(SolutionProperties) = preSolution
		HideSolutionNode = FALSE
	EndGlobalSection
	GlobalSection(ExtensibilityGlobals) = postSolution
		SolutionGuid = {F5E2B4D5-9BB8-4509-978C-F2AB8597EAEB}
	EndGlobalSection
EndGlobal
